Microsoft Visual Studio Solution File, Format Version 12.00
# Visual Studio Version 17
VisualStudioVersion = 17.5.2.0
MinimumVisualStudioVersion = 10.0.40219.1
Project("{FAE04EC0-301F-11D3-BF4B-00C04F79EFBC}") = "MinimalApiWithEFCore", "MinimalApiWithEFCore.csproj", "{94479F8A-C39D-CED4-F0CE-B6C98C39802D}"
EndProject
Global
	GlobalSection(SolutionConfigurationPlatforms) = preSolution
		Debug|Any CPU = Debug|Any CPU
		Release|Any CPU = Release|Any CPU
	EndGlobalSection
	GlobalSection(ProjectConfigurationPlatforms) = postSolution
		{94479F8A-C39D-CED4-F0CE-B6C98C39802D}.Debug|Any CPU.ActiveCfg = Debug|Any CPU
		{94479F8A-C39D-CED4-F0CE-B6C98C39802D}.Debug|Any CPU.Build.0 = Debug|Any CPU
		{94479F8A-C39D-CED4-F0CE-B6C98C39802D}.Release|Any CPU.ActiveCfg = Release|Any CPU
		{94479F8A-C39D-CED4-F0CE-B6C98C39802D}.Release|Any CPU.Build.0 = Release|Any CPU
	EndGlobalSection
	GlobalSection(SolutionProperties) = preSolution
		HideSolutionNode = FALSE
	EndGlobalSection
	GlobalSection(ExtensibilityGlobals) = postSolution
		SolutionGuid = {6804C98C-E9B1-4ED8-91C9-EA04B748DAB9}
	EndGlobalSection
EndGlobal
